{
  "name": "brainfuckplus",
  "version": "0.0.1",
  "lockfileVersion": 3,
  "requires": true,
  "packages": {
    "": {
      "name": "brainfuckplus",
      "version": "0.0.1",
      "dependencies": {
        "@types/vscode": "^1.78.1"
      },
      "engines": {
        "vscode": "^1.78.0"
      }
    },
    "node_modules/@types/vscode": {
      "version": "1.78.1",
      "resolved": "https://registry.npmjs.org/@types/vscode/-/vscode-1.78.1.tgz",
      "integrity": "sha512-wEA+54axejHu7DhcUfnFBan1IqFD1gBDxAFz8LoX06NbNDMRJv/T6OGthOs52yZccasKfN588EyffHWABkR0fg=="
    }
  }
}
